
Microsoft Visual Studio Solution File, Format Version 12.00
# Visual Studio Version 17
VisualStudioVersion = 17.7.34024.191
MinimumVisualStudioVersion = 10.0.40219.1
Project("{9A19103F-16F7-4668-BE54-9A1E7A4F7556}") = "VacationTaskUppgift", "VacationTaskUppgift\VacationTaskUppgift.csproj", "{05D7AAB4-07C4-450A-8A96-CF1712DADC76}"
EndProject
Global
	GlobalSection(SolutionConfigurationPlatforms) = preSolution
		Debug|Any CPU = Debug|Any CPU
		Release|Any CPU = Release|Any CPU
	EndGlobalSection
	GlobalSection(ProjectConfigurationPlatforms) = postSolution
		{05D7AAB4-07C4-450A-8A96-CF1712DADC76}.Debug|Any CPU.ActiveCfg = Debug|Any CPU
		{05D7AAB4-07C4-450A-8A96-CF1712DADC76}.Debug|Any CPU.Build.0 = Debug|Any CPU
		{05D7AAB4-07C4-450A-8A96-CF1712DADC76}.Release|Any CPU.ActiveCfg = Release|Any CPU
		{05D7AAB4-07C4-450A-8A96-CF1712DADC76}.Release|Any CPU.Build.0 = Release|Any CPU
	EndGlobalSection
	GlobalSection(SolutionProperties) = preSolution
		HideSolutionNode = FALSE
	EndGlobalSection
	GlobalSection(ExtensibilityGlobals) = postSolution
		SolutionGuid = {526E19E6-4126-4B11-ACED-E430874F115C}
	EndGlobalSection
EndGlobal
